
Microsoft Visual Studio Solution File, Format Version 12.00
# Visual Studio 15
VisualStudioVersion = 15.0.28307.1300
MinimumVisualStudioVersion = 10.0.40219.1
Project("{FAE04EC0-301F-11D3-BF4B-00C04F79EFBC}") = "Kutuphane_Sistemi", "Kutuphane_Sistemi\Kutuphane_Sistemi.csproj", "{03B08800-6E45-4841-815C-EBDDE28CCE30}"
EndProject
Global
	GlobalSection(SolutionConfigurationPlatforms) = preSolution
		Debug|Any CPU = Debug|Any CPU
		Release|Any CPU = Release|Any CPU
	EndGlobalSection
	GlobalSection(ProjectConfigurationPlatforms) = postSolution
		{03B08800-6E45-4841-815C-EBDDE28CCE30}.Debug|Any CPU.ActiveCfg = Debug|Any CPU
		{03B08800-6E45-4841-815C-EBDDE28CCE30}.Debug|Any CPU.Build.0 = Debug|Any CPU
		{03B08800-6E45-4841-815C-EBDDE28CCE30}.Release|Any CPU.ActiveCfg = Release|Any CPU
		{03B08800-6E45-4841-815C-EBDDE28CCE30}.Release|Any CPU.Build.0 = Release|Any CPU
	EndGlobalSection
	GlobalSection(SolutionProperties) = preSolution
		HideSolutionNode = FALSE
	EndGlobalSection
	GlobalSection(ExtensibilityGlobals) = postSolution
		SolutionGuid = {98C7EC3B-7C35-445F-9DB2-B257143177C4}
	EndGlobalSection
EndGlobal
